
Microsoft Visual Studio Solution File, Format Version 12.00
# Visual Studio 15
VisualStudioVersion = 15.0.28307.1231
MinimumVisualStudioVersion = 10.0.40219.1
Project("{FAE04EC0-301F-11D3-BF4B-00C04F79EFBC}") = "project11", "ConsoleApp13\project11.csproj", "{06C03273-F16E-4BBF-A5C3-73BA1C36BB94}"
EndProject
Global
	GlobalSection(SolutionConfigurationPlatforms) = preSolution
		Debug|Any CPU = Debug|Any CPU
		Release|Any CPU = Release|Any CPU
	EndGlobalSection
	GlobalSection(ProjectConfigurationPlatforms) = postSolution
		{06C03273-F16E-4BBF-A5C3-73BA1C36BB94}.Debug|Any CPU.ActiveCfg = Debug|Any CPU
		{06C03273-F16E-4BBF-A5C3-73BA1C36BB94}.Debug|Any CPU.Build.0 = Debug|Any CPU
		{06C03273-F16E-4BBF-A5C3-73BA1C36BB94}.Release|Any CPU.ActiveCfg = Release|Any CPU
		{06C03273-F16E-4BBF-A5C3-73BA1C36BB94}.Release|Any CPU.Build.0 = Release|Any CPU
	EndGlobalSection
	GlobalSection(SolutionProperties) = preSolution
		HideSolutionNode = FALSE
	EndGlobalSection
	GlobalSection(ExtensibilityGlobals) = postSolution
		SolutionGuid = {B5224559-72F2-4C47-88AA-17E2B6DEDE98}
	EndGlobalSection
EndGlobal
